{
  "name": "scripts",
  "lockfileVersion": 3,
  "requires": true,
  "packages": {
    "": {
      "dependencies": {
        "@github/copilot-sdk": "^0.1.32"
      }
    },
    "node_modules/@github/copilot": {
      "version": "1.0.5",
      "resolved": "https://registry.npmjs.org/@github/copilot/-/copilot-1.0.5.tgz",
      "integrity": "sha512-lQGN1/qw7gJRT+lSW1U79Ltrf9rkF6UP8FcEb0hGEf9hq0K8/MaulzK+iDtH/gwXYweFXID29E3QlwSqbdsHqQ==",
      "license": "SEE LICENSE IN LICENSE.md",
      "bin": {
        "copilot": "npm-loader.js"
      },
      "optionalDependencies": {
        "@github/copilot-darwin-arm64": "1.0.5",
        "@github/copilot-darwin-x64": "1.0.5",
        "@github/copilot-linux-arm64": "1.0.5",
        "@github/copilot-linux-x64": "1.0.5",
        "@github/copilot-win32-arm64": "1.0.5",
        "@github/copilot-win32-x64": "1.0.5"
      }
    },
    "node_modules/@github/copilot-darwin-arm64": {
      "version": "1.0.5",
      "resolved": "https://registry.npmjs.org/@github/copilot-darwin-arm64/-/copilot-darwin-arm64-1.0.5.tgz",
      "integrity": "sha512-XBwo8t5higPXzCvXVYkADImixt9k8P2XsflWup2b86x9KtcssYTcfEWWIg42AOCe8J/OJRJN2MMTQuWt5aeK9w==",
      "cpu": [
        "arm64"
      ],
      "license": "SEE LICENSE IN LICENSE.md",
      "optional": true,
      "os": [
        "darwin"
      ],
      "bin": {
        "copilot-darwin-arm64": "copilot"
      }
    },
    "node_modules/@github/copilot-darwin-x64": {
      "version": "1.0.5",
      "resolved": "https://registry.npmjs.org/@github/copilot-darwin-x64/-/copilot-darwin-x64-1.0.5.tgz",
      "integrity": "sha512-zUlMEKct5oPk/ImnYKz+fUjI9xfIwRE2/WI8BrpuDDe16aFDW2Co/6WFFr5rgYcXoGX2Jm8HT563UUxaFbnnOA==",
      "cpu": [
        "x64"
      ],
      "license": "SEE LICENSE IN LICENSE.md",
      "optional": true,
      "os": [
        "darwin"
      ],
      "bin": {
        "copilot-darwin-x64": "copilot"
      }
    },
    "node_modules/@github/copilot-linux-arm64": {
      "version": "1.0.5",
      "resolved": "https://registry.npmjs.org/@github/copilot-linux-arm64/-/copilot-linux-arm64-1.0.5.tgz",
      "integrity": "sha512-Rp5Key6IBcm00K3+yc8rga3IXaJKN7mwYtP/mpkCKaJJp7izpJK7Z7Dr1slb63Z3yCAyPwMeYlE+adFCwlnYUA==",
      "cpu": [
        "arm64"
      ],
      "license": "SEE LICENSE IN LICENSE.md",
      "optional": true,
      "os": [
        "linux"
      ],
      "bin": {
        "copilot-linux-arm64": "copilot"
      }
    },
    "node_modules/@github/copilot-linux-x64": {
      "version": "1.0.5",
      "resolved": "https://registry.npmjs.org/@github/copilot-linux-x64/-/copilot-linux-x64-1.0.5.tgz",
      "integrity": "sha512-ZEKOi57SUo3Ds2ZeYkIkHJ9MJA0Im1i04i0vdAPKH5Xibb2AC6I2EHO2dU/MWwqIeXoK5QDRh0r0Gs+BkHA/dg==",
      "cpu": [
        "x64"
      ],
      "license": "SEE LICENSE IN LICENSE.md",
      "optional": true,
      "os": [
        "linux"
      ],
      "bin": {
        "copilot-linux-x64": "copilot"
      }
    },
    "node_modules/@github/copilot-sdk": {
      "version": "0.1.32",
      "resolved": "https://registry.npmjs.org/@github/copilot-sdk/-/copilot-sdk-0.1.32.tgz",
      "integrity": "sha512-mPWM0fw1Gqc/SW8nl45K8abrFH+92fO7y6tRtRl5imjS5hGapLf/dkX5WDrgPtlsflD0c41lFXVUri5NVJwtoA==",
      "license": "MIT",
      "dependencies": {
        "@github/copilot": "^1.0.2",
        "vscode-jsonrpc": "^8.2.1",
        "zod": "^4.3.6"
      },
      "engines": {
        "node": ">=20.0.0"
      }
    },
    "node_modules/@github/copilot-win32-arm64": {
      "version": "1.0.5",
      "resolved": "https://registry.npmjs.org/@github/copilot-win32-arm64/-/copilot-win32-arm64-1.0.5.tgz",
      "integrity": "sha512-pkhuKJZ1AcRAkVS2OO4BEBfMovGSuGWem4isBq+cgRDtuXRfRiZuc88Z9WcrtDCCwpdLx9rSYPVSWQG5fvupPQ==",
      "cpu": [
        "arm64"
      ],
      "license": "SEE LICENSE IN LICENSE.md",
      "optional": true,
      "os": [
        "win32"
      ],
      "bin": {
        "copilot-win32-arm64": "copilot.exe"
      }
    },
    "node_modules/@github/copilot-win32-x64": {
      "version": "1.0.5",
      "resolved": "https://registry.npmjs.org/@github/copilot-win32-x64/-/copilot-win32-x64-1.0.5.tgz",
      "integrity": "sha512-x6PWG80uCuCI+IgCLD1fnBJtfuf9nMBzJwOcMlFwjRtHduV/V9OOW3c89ooGwh/lRhCatAP5GxZGTyC7AJR3kQ==",
      "cpu": [
        "x64"
      ],
      "license": "SEE LICENSE IN LICENSE.md",
      "optional": true,
      "os": [
        "win32"
      ],
      "bin": {
        "copilot-win32-x64": "copilot.exe"
      }
    },
    "node_modules/vscode-jsonrpc": {
      "version": "8.2.1",
      "resolved": "https://registry.npmjs.org/vscode-jsonrpc/-/vscode-jsonrpc-8.2.1.tgz",
      "integrity": "sha512-kdjOSJ2lLIn7r1rtrMbbNCHjyMPfRnowdKjBQ+mGq6NAW5QY2bEZC/khaC5OR8svbbjvLEaIXkOq45e2X9BIbQ==",
      "engines": {
        "node": ">=14.0.0"
      }
    },
    "node_modules/zod": {
      "version": "4.3.6",
      "resolved": "https://registry.npmjs.org/zod/-/zod-4.3.6.tgz",
      "integrity": "sha512-rftlrkhHZOcjDwkGlnUtZZkvaPHCsDATp4pGpuOOMDaTdDDXF91wuVDJoWoPsKX/3YPQ5fHuF3STjcYyKr+Qhg==",
      "funding": {
        "url": "https://github.com/sponsors/colinhacks"
      }
    }
  }
}
